
Microsoft Visual Studio Solution File, Format Version 12.00
# Visual Studio Version 17
VisualStudioVersion = 17.10.35201.131
MinimumVisualStudioVersion = 10.0.40219.1
Project("{FAE04EC0-301F-11D3-BF4B-00C04F79EFBC}") = "MiddlewareExample", "MiddlewareExample\MiddlewareExample.csproj", "{5D974B1B-2DE1-4CC2-B32E-552D4E8EC95D}"
EndProject
Global
	GlobalSection(SolutionConfigurationPlatforms) = preSolution
		Debug|Any CPU = Debug|Any CPU
		Release|Any CPU = Release|Any CPU
	EndGlobalSection
	GlobalSection(ProjectConfigurationPlatforms) = postSolution
		{5D974B1B-2DE1-4CC2-B32E-552D4E8EC95D}.Debug|Any CPU.ActiveCfg = Debug|Any CPU
		{5D974B1B-2DE1-4CC2-B32E-552D4E8EC95D}.Debug|Any CPU.Build.0 = Debug|Any CPU
		{5D974B1B-2DE1-4CC2-B32E-552D4E8EC95D}.Release|Any CPU.ActiveCfg = Release|Any CPU
		{5D974B1B-2DE1-4CC2-B32E-552D4E8EC95D}.Release|Any CPU.Build.0 = Release|Any CPU
	EndGlobalSection
	GlobalSection(SolutionProperties) = preSolution
		HideSolutionNode = FALSE
	EndGlobalSection
	GlobalSection(ExtensibilityGlobals) = postSolution
		SolutionGuid = {D149DBA4-B787-48D6-BA6A-F922DB38D594}
	EndGlobalSection
EndGlobal
