
Microsoft Visual Studio Solution File, Format Version 12.00
# Visual Studio Version 17
VisualStudioVersion = 17.7.34009.444
MinimumVisualStudioVersion = 10.0.40219.1
Project("{FAE04EC0-301F-11D3-BF4B-00C04F79EFBC}") = "Hackerrank Interview", "Hackerrank Interview\Hackerrank Interview.csproj", "{571970EB-A28B-4FA7-9395-FB430853FE0B}"
EndProject
Global
	GlobalSection(SolutionConfigurationPlatforms) = preSolution
		Debug|Any CPU = Debug|Any CPU
		Release|Any CPU = Release|Any CPU
	EndGlobalSection
	GlobalSection(ProjectConfigurationPlatforms) = postSolution
		{571970EB-A28B-4FA7-9395-FB430853FE0B}.Debug|Any CPU.ActiveCfg = Debug|Any CPU
		{571970EB-A28B-4FA7-9395-FB430853FE0B}.Debug|Any CPU.Build.0 = Debug|Any CPU
		{571970EB-A28B-4FA7-9395-FB430853FE0B}.Release|Any CPU.ActiveCfg = Release|Any CPU
		{571970EB-A28B-4FA7-9395-FB430853FE0B}.Release|Any CPU.Build.0 = Release|Any CPU
	EndGlobalSection
	GlobalSection(SolutionProperties) = preSolution
		HideSolutionNode = FALSE
	EndGlobalSection
	GlobalSection(ExtensibilityGlobals) = postSolution
		SolutionGuid = {7D6086CF-A7DB-427D-A589-1F092DAEDB85}
	EndGlobalSection
EndGlobal
