
Microsoft Visual Studio Solution File, Format Version 12.00
# Visual Studio Version 17
VisualStudioVersion = 17.6.33815.320
MinimumVisualStudioVersion = 10.0.40219.1
Project("{FAE04EC0-301F-11D3-BF4B-00C04F79EFBC}") = "RoutingAssignment", "RoutingAssignment\RoutingAssignment.csproj", "{57257F48-CE40-4995-AEA1-FDB750E455C8}"
EndProject
Global
	GlobalSection(SolutionConfigurationPlatforms) = preSolution
		Debug|Any CPU = Debug|Any CPU
		Release|Any CPU = Release|Any CPU
	EndGlobalSection
	GlobalSection(ProjectConfigurationPlatforms) = postSolution
		{57257F48-CE40-4995-AEA1-FDB750E455C8}.Debug|Any CPU.ActiveCfg = Debug|Any CPU
		{57257F48-CE40-4995-AEA1-FDB750E455C8}.Debug|Any CPU.Build.0 = Debug|Any CPU
		{57257F48-CE40-4995-AEA1-FDB750E455C8}.Release|Any CPU.ActiveCfg = Release|Any CPU
		{57257F48-CE40-4995-AEA1-FDB750E455C8}.Release|Any CPU.Build.0 = Release|Any CPU
	EndGlobalSection
	GlobalSection(SolutionProperties) = preSolution
		HideSolutionNode = FALSE
	EndGlobalSection
	GlobalSection(ExtensibilityGlobals) = postSolution
		SolutionGuid = {5AC735B0-90F2-4C49-99A3-08479BEF2819}
	EndGlobalSection
EndGlobal
